
Microsoft Visual Studio Solution File, Format Version 12.00
# Visual Studio Version 17
VisualStudioVersion = 17.9.34407.89
MinimumVisualStudioVersion = 10.0.40219.1
Project("{FAE04EC0-301F-11D3-BF4B-00C04F79EFBC}") = "RUDPServer", "RUDPServer\RUDPServer.csproj", "{C3C4EE67-97DE-4926-B0E6-074017A12638}"
EndProject
Project("{FAE04EC0-301F-11D3-BF4B-00C04F79EFBC}") = "RUDP Client", "..\RUDP Client\RUDP Client.csproj", "{EB50741D-3FFB-4153-A524-AC85322CEE07}"
EndProject
Global
	GlobalSection(SolutionConfigurationPlatforms) = preSolution
		Debug|Any CPU = Debug|Any CPU
		Release|Any CPU = Release|Any CPU
	EndGlobalSection
	GlobalSection(ProjectConfigurationPlatforms) = postSolution
		{C3C4EE67-97DE-4926-B0E6-074017A12638}.Debug|Any CPU.ActiveCfg = Debug|Any CPU
		{C3C4EE67-97DE-4926-B0E6-074017A12638}.Debug|Any CPU.Build.0 = Debug|Any CPU
		{C3C4EE67-97DE-4926-B0E6-074017A12638}.Release|Any CPU.ActiveCfg = Release|Any CPU
		{C3C4EE67-97DE-4926-B0E6-074017A12638}.Release|Any CPU.Build.0 = Release|Any CPU
		{EB50741D-3FFB-4153-A524-AC85322CEE07}.Debug|Any CPU.ActiveCfg = Debug|Any CPU
		{EB50741D-3FFB-4153-A524-AC85322CEE07}.Debug|Any CPU.Build.0 = Debug|Any CPU
		{EB50741D-3FFB-4153-A524-AC85322CEE07}.Release|Any CPU.ActiveCfg = Release|Any CPU
		{EB50741D-3FFB-4153-A524-AC85322CEE07}.Release|Any CPU.Build.0 = Release|Any CPU
	EndGlobalSection
	GlobalSection(SolutionProperties) = preSolution
		HideSolutionNode = FALSE
	EndGlobalSection
	GlobalSection(ExtensibilityGlobals) = postSolution
		SolutionGuid = {D3297961-E550-4A98-B9B5-432AAAF7CCE6}
	EndGlobalSection
EndGlobal
